
Microsoft Visual Studio Solution File, Format Version 12.00
# Visual Studio Version 17
VisualStudioVersion = 17.0.31903.59
MinimumVisualStudioVersion = 10.0.40219.1
Project("{2150E333-8FDC-42A3-9474-1A3956D46DE8}") = "src", "src", "{827E0CD3-B72D-47B6-A68D-7590B98EB39B}"
EndProject
Project("{FAE04EC0-301F-11D3-BF4B-00C04F79EFBC}") = "Invoice.Api", "src\Invoice.Api\Invoice.Api.csproj", "{1B4F4BC3-0B4E-455F-9ADC-2164E6F12699}"
EndProject
Project("{FAE04EC0-301F-11D3-BF4B-00C04F79EFBC}") = "Invoice.Admin", "src\Invoice.Admin\Invoice.Admin.csproj", "{E5188260-40D8-4CBA-BE00-CDD439DD72B4}"
EndProject
Project("{FAE04EC0-301F-11D3-BF4B-00C04F79EFBC}") = "Invoice.Domain", "src\Invoice.Domain\Invoice.Domain.csproj", "{1E22EA18-8D74-4690-9925-D6D8B9EA3242}"
EndProject
Project("{FAE04EC0-301F-11D3-BF4B-00C04F79EFBC}") = "Invoice.Application", "src\Invoice.Application\Invoice.Application.csproj", "{226A8505-466F-4481-8A88-40C8C4166036}"
EndProject
Project("{FAE04EC0-301F-11D3-BF4B-00C04F79EFBC}") = "Invoice.Infrastructure", "src\Invoice.Infrastructure\Invoice.Infrastructure.csproj", "{31A30A28-20F5-4512-A57E-0E6CB21CB21D}"
EndProject
Project("{FAE04EC0-301F-11D3-BF4B-00C04F79EFBC}") = "SendWorker", "src\Invoice.Workers\SendWorker\SendWorker.csproj", "{C2E20CB2-0C80-47EE-9EFC-EF180DE0C813}"
EndProject
Project("{FAE04EC0-301F-11D3-BF4B-00C04F79EFBC}") = "SchedulerWorker", "src\Invoice.Workers\SchedulerWorker\SchedulerWorker.csproj", "{D249E474-3281-4417-8FAB-C037496BC1A7}"
EndProject
Project("{FAE04EC0-301F-11D3-BF4B-00C04F79EFBC}") = "Invoice.Tests.Unit", "tests\Invoice.Tests.Unit\Invoice.Tests.Unit.csproj", "{70B1904B-8FAC-4940-9522-874FCD00E7D7}"
EndProject
Project("{FAE04EC0-301F-11D3-BF4B-00C04F79EFBC}") = "Invoice.Tests.Integration", "tests\Invoice.Tests.Integration\Invoice.Tests.Integration.csproj", "{03763849-246C-448E-A64E-55F33DD9D986}"
EndProject
Global
	GlobalSection(SolutionConfigurationPlatforms) = preSolution
		Debug|Any CPU = Debug|Any CPU
		Debug|x64 = Debug|x64
		Debug|x86 = Debug|x86
		Release|Any CPU = Release|Any CPU
		Release|x64 = Release|x64
		Release|x86 = Release|x86
	EndGlobalSection
	GlobalSection(ProjectConfigurationPlatforms) = postSolution
		{1B4F4BC3-0B4E-455F-9ADC-2164E6F12699}.Debug|Any CPU.ActiveCfg = Debug|Any CPU
		{1B4F4BC3-0B4E-455F-9ADC-2164E6F12699}.Debug|Any CPU.Build.0 = Debug|Any CPU
		{1B4F4BC3-0B4E-455F-9ADC-2164E6F12699}.Debug|x64.ActiveCfg = Debug|Any CPU
		{1B4F4BC3-0B4E-455F-9ADC-2164E6F12699}.Debug|x64.Build.0 = Debug|Any CPU
		{1B4F4BC3-0B4E-455F-9ADC-2164E6F12699}.Debug|x86.ActiveCfg = Debug|Any CPU
		{1B4F4BC3-0B4E-455F-9ADC-2164E6F12699}.Debug|x86.Build.0 = Debug|Any CPU
		{1B4F4BC3-0B4E-455F-9ADC-2164E6F12699}.Release|Any CPU.ActiveCfg = Release|Any CPU
		{1B4F4BC3-0B4E-455F-9ADC-2164E6F12699}.Release|Any CPU.Build.0 = Release|Any CPU
		{1B4F4BC3-0B4E-455F-9ADC-2164E6F12699}.Release|x64.ActiveCfg = Release|Any CPU
		{1B4F4BC3-0B4E-455F-9ADC-2164E6F12699}.Release|x64.Build.0 = Release|Any CPU
		{1B4F4BC3-0B4E-455F-9ADC-2164E6F12699}.Release|x86.ActiveCfg = Release|Any CPU
		{1B4F4BC3-0B4E-455F-9ADC-2164E6F12699}.Release|x86.Build.0 = Release|Any CPU
		{E5188260-40D8-4CBA-BE00-CDD439DD72B4}.Debug|Any CPU.ActiveCfg = Debug|Any CPU
		{E5188260-40D8-4CBA-BE00-CDD439DD72B4}.Debug|Any CPU.Build.0 = Debug|Any CPU
		{E5188260-40D8-4CBA-BE00-CDD439DD72B4}.Debug|x64.ActiveCfg = Debug|Any CPU
		{E5188260-40D8-4CBA-BE00-CDD439DD72B4}.Debug|x64.Build.0 = Debug|Any CPU
		{E5188260-40D8-4CBA-BE00-CDD439DD72B4}.Debug|x86.ActiveCfg = Debug|Any CPU
		{E5188260-40D8-4CBA-BE00-CDD439DD72B4}.Debug|x86.Build.0 = Debug|Any CPU
		{E5188260-40D8-4CBA-BE00-CDD439DD72B4}.Release|Any CPU.ActiveCfg = Release|Any CPU
		{E5188260-40D8-4CBA-BE00-CDD439DD72B4}.Release|Any CPU.Build.0 = Release|Any CPU
		{E5188260-40D8-4CBA-BE00-CDD439DD72B4}.Release|x64.ActiveCfg = Release|Any CPU
		{E5188260-40D8-4CBA-BE00-CDD439DD72B4}.Release|x64.Build.0 = Release|Any CPU
		{E5188260-40D8-4CBA-BE00-CDD439DD72B4}.Release|x86.ActiveCfg = Release|Any CPU
		{E5188260-40D8-4CBA-BE00-CDD439DD72B4}.Release|x86.Build.0 = Release|Any CPU
		{1E22EA18-8D74-4690-9925-D6D8B9EA3242}.Debug|Any CPU.ActiveCfg = Debug|Any CPU
		{1E22EA18-8D74-4690-9925-D6D8B9EA3242}.Debug|Any CPU.Build.0 = Debug|Any CPU
		{1E22EA18-8D74-4690-9925-D6D8B9EA3242}.Debug|x64.ActiveCfg = Debug|Any CPU
		{1E22EA18-8D74-4690-9925-D6D8B9EA3242}.Debug|x64.Build.0 = Debug|Any CPU
		{1E22EA18-8D74-4690-9925-D6D8B9EA3242}.Debug|x86.ActiveCfg = Debug|Any CPU
		{1E22EA18-8D74-4690-9925-D6D8B9EA3242}.Debug|x86.Build.0 = Debug|Any CPU
		{1E22EA18-8D74-4690-9925-D6D8B9EA3242}.Release|Any CPU.ActiveCfg = Release|Any CPU
		{1E22EA18-8D74-4690-9925-D6D8B9EA3242}.Release|Any CPU.Build.0 = Release|Any CPU
		{1E22EA18-8D74-4690-9925-D6D8B9EA3242}.Release|x64.ActiveCfg = Release|Any CPU
		{1E22EA18-8D74-4690-9925-D6D8B9EA3242}.Release|x64.Build.0 = Release|Any CPU
		{1E22EA18-8D74-4690-9925-D6D8B9EA3242}.Release|x86.ActiveCfg = Release|Any CPU
		{1E22EA18-8D74-4690-9925-D6D8B9EA3242}.Release|x86.Build.0 = Release|Any CPU
		{226A8505-466F-4481-8A88-40C8C4166036}.Debug|Any CPU.ActiveCfg = Debug|Any CPU
		{226A8505-466F-4481-8A88-40C8C4166036}.Debug|Any CPU.Build.0 = Debug|Any CPU
		{226A8505-466F-4481-8A88-40C8C4166036}.Debug|x64.ActiveCfg = Debug|Any CPU
		{226A8505-466F-4481-8A88-40C8C4166036}.Debug|x64.Build.0 = Debug|Any CPU
		{226A8505-466F-4481-8A88-40C8C4166036}.Debug|x86.ActiveCfg = Debug|Any CPU
		{226A8505-466F-4481-8A88-40C8C4166036}.Debug|x86.Build.0 = Debug|Any CPU
		{226A8505-466F-4481-8A88-40C8C4166036}.Release|Any CPU.ActiveCfg = Release|Any CPU
		{226A8505-466F-4481-8A88-40C8C4166036}.Release|Any CPU.Build.0 = Release|Any CPU
		{226A8505-466F-4481-8A88-40C8C4166036}.Release|x64.ActiveCfg = Release|Any CPU
		{226A8505-466F-4481-8A88-40C8C4166036}.Release|x64.Build.0 = Release|Any CPU
		{226A8505-466F-4481-8A88-40C8C4166036}.Release|x86.ActiveCfg = Release|Any CPU
		{226A8505-466F-4481-8A88-40C8C4166036}.Release|x86.Build.0 = Release|Any CPU
		{31A30A28-20F5-4512-A57E-0E6CB21CB21D}.Debug|Any CPU.ActiveCfg = Debug|Any CPU
		{31A30A28-20F5-4512-A57E-0E6CB21CB21D}.Debug|Any CPU.Build.0 = Debug|Any CPU
		{31A30A28-20F5-4512-A57E-0E6CB21CB21D}.Debug|x64.ActiveCfg = Debug|Any CPU
		{31A30A28-20F5-4512-A57E-0E6CB21CB21D}.Debug|x64.Build.0 = Debug|Any CPU
		{31A30A28-20F5-4512-A57E-0E6CB21CB21D}.Debug|x86.ActiveCfg = Debug|Any CPU
		{31A30A28-20F5-4512-A57E-0E6CB21CB21D}.Debug|x86.Build.0 = Debug|Any CPU
		{31A30A28-20F5-4512-A57E-0E6CB21CB21D}.Release|Any CPU.ActiveCfg = Release|Any CPU
		{31A30A28-20F5-4512-A57E-0E6CB21CB21D}.Release|Any CPU.Build.0 = Release|Any CPU
		{31A30A28-20F5-4512-A57E-0E6CB21CB21D}.Release|x64.ActiveCfg = Release|Any CPU
		{31A30A28-20F5-4512-A57E-0E6CB21CB21D}.Release|x64.Build.0 = Release|Any CPU
		{31A30A28-20F5-4512-A57E-0E6CB21CB21D}.Release|x86.ActiveCfg = Release|Any CPU
		{31A30A28-20F5-4512-A57E-0E6CB21CB21D}.Release|x86.Build.0 = Release|Any CPU
		{C2E20CB2-0C80-47EE-9EFC-EF180DE0C813}.Debug|Any CPU.ActiveCfg = Debug|Any CPU
		{C2E20CB2-0C80-47EE-9EFC-EF180DE0C813}.Debug|Any CPU.Build.0 = Debug|Any CPU
		{C2E20CB2-0C80-47EE-9EFC-EF180DE0C813}.Debug|x64.ActiveCfg = Debug|Any CPU
		{C2E20CB2-0C80-47EE-9EFC-EF180DE0C813}.Debug|x64.Build.0 = Debug|Any CPU
		{C2E20CB2-0C80-47EE-9EFC-EF180DE0C813}.Debug|x86.ActiveCfg = Debug|Any CPU
		{C2E20CB2-0C80-47EE-9EFC-EF180DE0C813}.Debug|x86.Build.0 = Debug|Any CPU
		{C2E20CB2-0C80-47EE-9EFC-EF180DE0C813}.Release|Any CPU.ActiveCfg = Release|Any CPU
		{C2E20CB2-0C80-47EE-9EFC-EF180DE0C813}.Release|Any CPU.Build.0 = Release|Any CPU
		{C2E20CB2-0C80-47EE-9EFC-EF180DE0C813}.Release|x64.ActiveCfg = Release|Any CPU
		{C2E20CB2-0C80-47EE-9EFC-EF180DE0C813}.Release|x64.Build.0 = Release|Any CPU
		{C2E20CB2-0C80-47EE-9EFC-EF180DE0C813}.Release|x86.ActiveCfg = Release|Any CPU
		{C2E20CB2-0C80-47EE-9EFC-EF180DE0C813}.Release|x86.Build.0 = Release|Any CPU
		{D249E474-3281-4417-8FAB-C037496BC1A7}.Debug|Any CPU.ActiveCfg = Debug|Any CPU
		{D249E474-3281-4417-8FAB-C037496BC1A7}.Debug|Any CPU.Build.0 = Debug|Any CPU
		{D249E474-3281-4417-8FAB-C037496BC1A7}.Debug|x64.ActiveCfg = Debug|Any CPU
		{D249E474-3281-4417-8FAB-C037496BC1A7}.Debug|x64.Build.0 = Debug|Any CPU
		{D249E474-3281-4417-8FAB-C037496BC1A7}.Debug|x86.ActiveCfg = Debug|Any CPU
		{D249E474-3281-4417-8FAB-C037496BC1A7}.Debug|x86.Build.0 = Debug|Any CPU
		{D249E474-3281-4417-8FAB-C037496BC1A7}.Release|Any CPU.ActiveCfg = Release|Any CPU
		{D249E474-3281-4417-8FAB-C037496BC1A7}.Release|Any CPU.Build.0 = Release|Any CPU
		{D249E474-3281-4417-8FAB-C037496BC1A7}.Release|x64.ActiveCfg = Release|Any CPU
		{D249E474-3281-4417-8FAB-C037496BC1A7}.Release|x64.Build.0 = Release|Any CPU
		{D249E474-3281-4417-8FAB-C037496BC1A7}.Release|x86.ActiveCfg = Release|Any CPU
		{D249E474-3281-4417-8FAB-C037496BC1A7}.Release|x86.Build.0 = Release|Any CPU
		{70B1904B-8FAC-4940-9522-874FCD00E7D7}.Debug|Any CPU.ActiveCfg = Debug|Any CPU
		{70B1904B-8FAC-4940-9522-874FCD00E7D7}.Debug|Any CPU.Build.0 = Debug|Any CPU
		{70B1904B-8FAC-4940-9522-874FCD00E7D7}.Debug|x64.ActiveCfg = Debug|Any CPU
		{70B1904B-8FAC-4940-9522-874FCD00E7D7}.Debug|x64.Build.0 = Debug|Any CPU
		{70B1904B-8FAC-4940-9522-874FCD00E7D7}.Debug|x86.ActiveCfg = Debug|Any CPU
		{70B1904B-8FAC-4940-9522-874FCD00E7D7}.Debug|x86.Build.0 = Debug|Any CPU
		{70B1904B-8FAC-4940-9522-874FCD00E7D7}.Release|Any CPU.ActiveCfg = Release|Any CPU
		{70B1904B-8FAC-4940-9522-874FCD00E7D7}.Release|Any CPU.Build.0 = Release|Any CPU
		{70B1904B-8FAC-4940-9522-874FCD00E7D7}.Release|x64.ActiveCfg = Release|Any CPU
		{70B1904B-8FAC-4940-9522-874FCD00E7D7}.Release|x64.Build.0 = Release|Any CPU
		{70B1904B-8FAC-4940-9522-874FCD00E7D7}.Release|x86.ActiveCfg = Release|Any CPU
		{70B1904B-8FAC-4940-9522-874FCD00E7D7}.Release|x86.Build.0 = Release|Any CPU
		{03763849-246C-448E-A64E-55F33DD9D986}.Debug|Any CPU.ActiveCfg = Debug|Any CPU
		{03763849-246C-448E-A64E-55F33DD9D986}.Debug|Any CPU.Build.0 = Debug|Any CPU
		{03763849-246C-448E-A64E-55F33DD9D986}.Debug|x64.ActiveCfg = Debug|Any CPU
		{03763849-246C-448E-A64E-55F33DD9D986}.Debug|x64.Build.0 = Debug|Any CPU
		{03763849-246C-448E-A64E-55F33DD9D986}.Debug|x86.ActiveCfg = Debug|Any CPU
		{03763849-246C-448E-A64E-55F33DD9D986}.Debug|x86.Build.0 = Debug|Any CPU
		{03763849-246C-448E-A64E-55F33DD9D986}.Release|Any CPU.ActiveCfg = Release|Any CPU
		{03763849-246C-448E-A64E-55F33DD9D986}.Release|Any CPU.Build.0 = Release|Any CPU
		{03763849-246C-448E-A64E-55F33DD9D986}.Release|x64.ActiveCfg = Release|Any CPU
		{03763849-246C-448E-A64E-55F33DD9D986}.Release|x64.Build.0 = Release|Any CPU
		{03763849-246C-448E-A64E-55F33DD9D986}.Release|x86.ActiveCfg = Release|Any CPU
		{03763849-246C-448E-A64E-55F33DD9D986}.Release|x86.Build.0 = Release|Any CPU
	EndGlobalSection
	GlobalSection(SolutionProperties) = preSolution
		HideSolutionNode = FALSE
	EndGlobalSection
	GlobalSection(NestedProjects) = preSolution
		{1B4F4BC3-0B4E-455F-9ADC-2164E6F12699} = {827E0CD3-B72D-47B6-A68D-7590B98EB39B}
		{E5188260-40D8-4CBA-BE00-CDD439DD72B4} = {827E0CD3-B72D-47B6-A68D-7590B98EB39B}
		{1E22EA18-8D74-4690-9925-D6D8B9EA3242} = {827E0CD3-B72D-47B6-A68D-7590B98EB39B}
		{226A8505-466F-4481-8A88-40C8C4166036} = {827E0CD3-B72D-47B6-A68D-7590B98EB39B}
		{31A30A28-20F5-4512-A57E-0E6CB21CB21D} = {827E0CD3-B72D-47B6-A68D-7590B98EB39B}
		{C2E20CB2-0C80-47EE-9EFC-EF180DE0C813} = {827E0CD3-B72D-47B6-A68D-7590B98EB39B}
		{D249E474-3281-4417-8FAB-C037496BC1A7} = {827E0CD3-B72D-47B6-A68D-7590B98EB39B}
		{70B1904B-8FAC-4940-9522-874FCD00E7D7} = {827E0CD3-B72D-47B6-A68D-7590B98EB39B}
		{03763849-246C-448E-A64E-55F33DD9D986} = {827E0CD3-B72D-47B6-A68D-7590B98EB39B}
	EndGlobalSection
EndGlobal
