
Microsoft Visual Studio Solution File, Format Version 12.00
# Visual Studio Version 17
VisualStudioVersion = 17.0.31903.59
MinimumVisualStudioVersion = 10.0.40219.1
Project("{2150E333-8FDC-42A3-9474-1A3956D46DE8}") = "src", "src", "{CE2657F5-2482-445B-924E-57B73989BC46}"
EndProject
Project("{2150E333-8FDC-42A3-9474-1A3956D46DE8}") = "Core", "Core", "{23E46BE5-005E-4D96-889C-5DFDB66B3950}"
EndProject
Project("{FAE04EC0-301F-11D3-BF4B-00C04F79EFBC}") = "Invoice.Domain", "src\Core\Invoice.Domain\Invoice.Domain.csproj", "{234FC142-6BC9-44A1-B13B-3E815752F6A4}"
EndProject
Project("{FAE04EC0-301F-11D3-BF4B-00C04F79EFBC}") = "Invoice.Application", "src\Core\Invoice.Application\Invoice.Application.csproj", "{E769C04F-6965-49FA-88B2-DB7D92CDE34E}"
EndProject
Project("{FAE04EC0-301F-11D3-BF4B-00C04F79EFBC}") = "Invoice.Infrastructure.Core", "src\Core\Invoice.Infrastructure.Core\Invoice.Infrastructure.Core.csproj", "{71753466-FD75-4202-9F63-4877F369AB4D}"
EndProject
Project("{2150E333-8FDC-42A3-9474-1A3956D46DE8}") = "TR", "TR", "{E1CC41F3-AB01-47E4-87CD-32AAEBCDE95A}"
EndProject
Project("{FAE04EC0-301F-11D3-BF4B-00C04F79EFBC}") = "Invoice.Infrastructure.TR", "src\TR\Invoice.Infrastructure.TR\Invoice.Infrastructure.TR.csproj", "{A3CD545E-1E54-425C-B6B7-93B2EC5A74A4}"
EndProject
Project("{2150E333-8FDC-42A3-9474-1A3956D46DE8}") = "UZ", "UZ", "{E738D6C0-71E1-46DE-80AD-91DC3EE33101}"
EndProject
Project("{FAE04EC0-301F-11D3-BF4B-00C04F79EFBC}") = "Invoice.Infrastructure.UZ", "src\UZ\Invoice.Infrastructure.UZ\Invoice.Infrastructure.UZ.csproj", "{636180D3-3F99-46CE-BF52-3184982CAEED}"
EndProject
Project("{2150E333-8FDC-42A3-9474-1A3956D46DE8}") = "KZ", "KZ", "{075FDAD9-8C63-4E0D-984B-72DCCFBB8F3B}"
EndProject
Project("{FAE04EC0-301F-11D3-BF4B-00C04F79EFBC}") = "Invoice.Infrastructure.KZ", "src\KZ\Invoice.Infrastructure.KZ\Invoice.Infrastructure.KZ.csproj", "{95A7CAF6-1537-42EE-BF77-783EB1FAD256}"
EndProject
Project("{2150E333-8FDC-42A3-9474-1A3956D46DE8}") = "tools", "tools", "{B70A0372-DCFD-45CD-A7ED-8D2FCEE160A2}"
EndProject
Project("{FAE04EC0-301F-11D3-BF4B-00C04F79EFBC}") = "Invoice.Smoke", "tools\Invoice.Smoke\Invoice.Smoke.csproj", "{36D3F547-3449-4127-B471-9A02D95D2F96}"
EndProject
Global
	GlobalSection(SolutionConfigurationPlatforms) = preSolution
		Debug|Any CPU = Debug|Any CPU
		Release|Any CPU = Release|Any CPU
	EndGlobalSection
	GlobalSection(SolutionProperties) = preSolution
		HideSolutionNode = FALSE
	EndGlobalSection
	GlobalSection(ProjectConfigurationPlatforms) = postSolution
		{234FC142-6BC9-44A1-B13B-3E815752F6A4}.Debug|Any CPU.ActiveCfg = Debug|Any CPU
		{234FC142-6BC9-44A1-B13B-3E815752F6A4}.Debug|Any CPU.Build.0 = Debug|Any CPU
		{234FC142-6BC9-44A1-B13B-3E815752F6A4}.Release|Any CPU.ActiveCfg = Release|Any CPU
		{234FC142-6BC9-44A1-B13B-3E815752F6A4}.Release|Any CPU.Build.0 = Release|Any CPU
		{E769C04F-6965-49FA-88B2-DB7D92CDE34E}.Debug|Any CPU.ActiveCfg = Debug|Any CPU
		{E769C04F-6965-49FA-88B2-DB7D92CDE34E}.Debug|Any CPU.Build.0 = Debug|Any CPU
		{E769C04F-6965-49FA-88B2-DB7D92CDE34E}.Release|Any CPU.ActiveCfg = Release|Any CPU
		{E769C04F-6965-49FA-88B2-DB7D92CDE34E}.Release|Any CPU.Build.0 = Release|Any CPU
		{71753466-FD75-4202-9F63-4877F369AB4D}.Debug|Any CPU.ActiveCfg = Debug|Any CPU
		{71753466-FD75-4202-9F63-4877F369AB4D}.Debug|Any CPU.Build.0 = Debug|Any CPU
		{71753466-FD75-4202-9F63-4877F369AB4D}.Release|Any CPU.ActiveCfg = Release|Any CPU
		{71753466-FD75-4202-9F63-4877F369AB4D}.Release|Any CPU.Build.0 = Release|Any CPU
		{A3CD545E-1E54-425C-B6B7-93B2EC5A74A4}.Debug|Any CPU.ActiveCfg = Debug|Any CPU
		{A3CD545E-1E54-425C-B6B7-93B2EC5A74A4}.Debug|Any CPU.Build.0 = Debug|Any CPU
		{A3CD545E-1E54-425C-B6B7-93B2EC5A74A4}.Release|Any CPU.ActiveCfg = Release|Any CPU
		{A3CD545E-1E54-425C-B6B7-93B2EC5A74A4}.Release|Any CPU.Build.0 = Release|Any CPU
		{636180D3-3F99-46CE-BF52-3184982CAEED}.Debug|Any CPU.ActiveCfg = Debug|Any CPU
		{636180D3-3F99-46CE-BF52-3184982CAEED}.Debug|Any CPU.Build.0 = Debug|Any CPU
		{636180D3-3F99-46CE-BF52-3184982CAEED}.Release|Any CPU.ActiveCfg = Release|Any CPU
		{636180D3-3F99-46CE-BF52-3184982CAEED}.Release|Any CPU.Build.0 = Release|Any CPU
		{95A7CAF6-1537-42EE-BF77-783EB1FAD256}.Debug|Any CPU.ActiveCfg = Debug|Any CPU
		{95A7CAF6-1537-42EE-BF77-783EB1FAD256}.Debug|Any CPU.Build.0 = Debug|Any CPU
		{95A7CAF6-1537-42EE-BF77-783EB1FAD256}.Release|Any CPU.ActiveCfg = Release|Any CPU
		{95A7CAF6-1537-42EE-BF77-783EB1FAD256}.Release|Any CPU.Build.0 = Release|Any CPU
		{36D3F547-3449-4127-B471-9A02D95D2F96}.Debug|Any CPU.ActiveCfg = Debug|Any CPU
		{36D3F547-3449-4127-B471-9A02D95D2F96}.Debug|Any CPU.Build.0 = Debug|Any CPU
		{36D3F547-3449-4127-B471-9A02D95D2F96}.Release|Any CPU.ActiveCfg = Release|Any CPU
		{36D3F547-3449-4127-B471-9A02D95D2F96}.Release|Any CPU.Build.0 = Release|Any CPU
	EndGlobalSection
	GlobalSection(NestedProjects) = preSolution
		{23E46BE5-005E-4D96-889C-5DFDB66B3950} = {CE2657F5-2482-445B-924E-57B73989BC46}
		{234FC142-6BC9-44A1-B13B-3E815752F6A4} = {23E46BE5-005E-4D96-889C-5DFDB66B3950}
		{E769C04F-6965-49FA-88B2-DB7D92CDE34E} = {23E46BE5-005E-4D96-889C-5DFDB66B3950}
		{71753466-FD75-4202-9F63-4877F369AB4D} = {23E46BE5-005E-4D96-889C-5DFDB66B3950}
		{E1CC41F3-AB01-47E4-87CD-32AAEBCDE95A} = {CE2657F5-2482-445B-924E-57B73989BC46}
		{A3CD545E-1E54-425C-B6B7-93B2EC5A74A4} = {E1CC41F3-AB01-47E4-87CD-32AAEBCDE95A}
		{E738D6C0-71E1-46DE-80AD-91DC3EE33101} = {CE2657F5-2482-445B-924E-57B73989BC46}
		{636180D3-3F99-46CE-BF52-3184982CAEED} = {E738D6C0-71E1-46DE-80AD-91DC3EE33101}
		{075FDAD9-8C63-4E0D-984B-72DCCFBB8F3B} = {CE2657F5-2482-445B-924E-57B73989BC46}
		{95A7CAF6-1537-42EE-BF77-783EB1FAD256} = {075FDAD9-8C63-4E0D-984B-72DCCFBB8F3B}
		{36D3F547-3449-4127-B471-9A02D95D2F96} = {B70A0372-DCFD-45CD-A7ED-8D2FCEE160A2}
	EndGlobalSection
EndGlobal
