Microsoft Visual Studio Solution File, Format Version 12.00
# Visual Studio Version 17
VisualStudioVersion = 17.0.31903.59
MinimumVisualStudioVersion = 10.0.40219.1
Project("{2150E333-8FDC-42A3-9474-1A3956D46DE8}") = "src", "src", "{827E0CD3-B72D-47B6-A68D-7590B98EB39B}"
EndProject
Project("{2150E333-8FDC-42A3-9474-1A3956D46DE8}") = "Core", "Core", "{A1B2C3D4-E5F6-7890-ABCD-EF1234567890}"
EndProject
Project("{2150E333-8FDC-42A3-9474-1A3956D46DE8}") = "TR", "TR", "{B2C3D4E5-F6G7-8901-BCDE-F23456789012}"
EndProject
Project("{2150E333-8FDC-42A3-9474-1A3956D46DE8}") = "UZ", "UZ", "{C3D4E5F6-G7H8-9012-CDEF-345678901234}"
EndProject
Project("{2150E333-8FDC-42A3-9474-1A3956D46DE8}") = "KZ", "KZ", "{D4E5F6G7-H8I9-0123-DEFG-456789012345}"
EndProject
Project("{FAE04EC0-301F-11D3-BF4B-00C04F79EFBC}") = "Invoice.Domain", "..\src\Core\Invoice.Domain\Invoice.Domain.csproj", "{1E22EA18-8D74-4690-9925-D6D8B9EA3242}"
EndProject
Project("{FAE04EC0-301F-11D3-BF4B-00C04F79EFBC}") = "Invoice.Application", "..\src\Core\Invoice.Application\Invoice.Application.csproj", "{226A8505-466F-4481-8A88-40C8C4166036}"
EndProject
Project("{FAE04EC0-301F-11D3-BF4B-00C04F79EFBC}") = "Invoice.Infrastructure.Core", "..\src\Core\Invoice.Infrastructure.Core\Invoice.Infrastructure.Core.csproj", "{31A30A28-20F5-4512-A57E-0E6CB21CB21D}"
EndProject
Project("{FAE04EC0-301F-11D3-BF4B-00C04F79EFBC}") = "Invoice.Infrastructure.TR", "..\src\TR\Invoice.Infrastructure.TR\Invoice.Infrastructure.TR.csproj", "{41B40B39-30G4-5623-B68F-1F7DC32DC32E}"
EndProject
Project("{FAE04EC0-301F-11D3-BF4B-00C04F79EFBC}") = "Invoice.Infrastructure.UZ", "..\src\UZ\Invoice.Infrastructure.UZ\Invoice.Infrastructure.UZ.csproj", "{51C50C4A-41H5-6734-C79G-2G8ED43ED43F}"
EndProject
Project("{FAE04EC0-301F-11D3-BF4B-00C04F79EFBC}") = "Invoice.Infrastructure.KZ", "..\src\KZ\Invoice.Infrastructure.KZ\Invoice.Infrastructure.KZ.csproj", "{61D60D5B-52I6-7845-D80H-3H9FE54FE54G}"
EndProject
Global
	GlobalSection(SolutionConfigurationPlatforms) = preSolution
		Debug|Any CPU = Debug|Any CPU
		Debug|x64 = Debug|x64
		Debug|x86 = Debug|x86
		Release|Any CPU = Release|Any CPU
		Release|x64 = Release|x64
		Release|x86 = Release|x86
	EndGlobalSection
	GlobalSection(ProjectConfigurationPlatforms) = postSolution
		{1E22EA18-8D74-4690-9925-D6D8B9EA3242}.Debug|Any CPU.ActiveCfg = Debug|Any CPU
		{1E22EA18-8D74-4690-9925-D6D8B9EA3242}.Debug|Any CPU.Build.0 = Debug|Any CPU
		{1E22EA18-8D74-4690-9925-D6D8B9EA3242}.Debug|x64.ActiveCfg = Debug|Any CPU
		{1E22EA18-8D74-4690-9925-D6D8B9EA3242}.Debug|x64.Build.0 = Debug|Any CPU
		{1E22EA18-8D74-4690-9925-D6D8B9EA3242}.Debug|x86.ActiveCfg = Debug|Any CPU
		{1E22EA18-8D74-4690-9925-D6D8B9EA3242}.Debug|x86.Build.0 = Debug|Any CPU
		{1E22EA18-8D74-4690-9925-D6D8B9EA3242}.Release|Any CPU.ActiveCfg = Release|Any CPU
		{1E22EA18-8D74-4690-9925-D6D8B9EA3242}.Release|Any CPU.Build.0 = Release|Any CPU
		{1E22EA18-8D74-4690-9925-D6D8B9EA3242}.Release|x64.ActiveCfg = Release|Any CPU
		{1E22EA18-8D74-4690-9925-D6D8B9EA3242}.Release|x64.Build.0 = Release|Any CPU
		{1E22EA18-8D74-4690-9925-D6D8B9EA3242}.Release|x86.ActiveCfg = Release|Any CPU
		{1E22EA18-8D74-4690-9925-D6D8B9EA3242}.Release|x86.Build.0 = Release|Any CPU
		{226A8505-466F-4481-8A88-40C8C4166036}.Debug|Any CPU.ActiveCfg = Debug|Any CPU
		{226A8505-466F-4481-8A88-40C8C4166036}.Debug|Any CPU.Build.0 = Debug|Any CPU
		{226A8505-466F-4481-8A88-40C8C4166036}.Debug|x64.ActiveCfg = Debug|Any CPU
		{226A8505-466F-4481-8A88-40C8C4166036}.Debug|x64.Build.0 = Debug|Any CPU
		{226A8505-466F-4481-8A88-40C8C4166036}.Debug|x86.ActiveCfg = Debug|Any CPU
		{226A8505-466F-4481-8A88-40C8C4166036}.Debug|x86.Build.0 = Debug|Any CPU
		{226A8505-466F-4481-8A88-40C8C4166036}.Release|Any CPU.ActiveCfg = Release|Any CPU
		{226A8505-466F-4481-8A88-40C8C4166036}.Release|Any CPU.Build.0 = Release|Any CPU
		{226A8505-466F-4481-8A88-40C8C4166036}.Release|x64.ActiveCfg = Release|Any CPU
		{226A8505-466F-4481-8A88-40C8C4166036}.Release|x64.Build.0 = Release|Any CPU
		{226A8505-466F-4481-8A88-40C8C4166036}.Release|x86.ActiveCfg = Release|Any CPU
		{226A8505-466F-4481-8A88-40C8C4166036}.Release|x86.Build.0 = Release|Any CPU
		{31A30A28-20F5-4512-A57E-0E6CB21CB21D}.Debug|Any CPU.ActiveCfg = Debug|Any CPU
		{31A30A28-20F5-4512-A57E-0E6CB21CB21D}.Debug|Any CPU.Build.0 = Debug|Any CPU
		{31A30A28-20F5-4512-A57E-0E6CB21CB21D}.Debug|x64.ActiveCfg = Debug|Any CPU
		{31A30A28-20F5-4512-A57E-0E6CB21CB21D}.Debug|x64.Build.0 = Debug|Any CPU
		{31A30A28-20F5-4512-A57E-0E6CB21CB21D}.Debug|x86.ActiveCfg = Debug|Any CPU
		{31A30A28-20F5-4512-A57E-0E6CB21CB21D}.Debug|x86.Build.0 = Debug|Any CPU
		{31A30A28-20F5-4512-A57E-0E6CB21CB21D}.Release|Any CPU.ActiveCfg = Release|Any CPU
		{31A30A28-20F5-4512-A57E-0E6CB21CB21D}.Release|Any CPU.Build.0 = Release|Any CPU
		{31A30A28-20F5-4512-A57E-0E6CB21CB21D}.Release|x64.ActiveCfg = Release|Any CPU
		{31A30A28-20F5-4512-A57E-0E6CB21CB21D}.Release|x64.Build.0 = Release|Any CPU
		{31A30A28-20F5-4512-A57E-0E6CB21CB21D}.Release|x86.ActiveCfg = Release|Any CPU
		{31A30A28-20F5-4512-A57E-0E6CB21CB21D}.Release|x86.Build.0 = Release|Any CPU
		{41B40B39-30G4-5623-B68F-1F7DC32DC32E}.Debug|Any CPU.ActiveCfg = Debug|Any CPU
		{41B40B39-30G4-5623-B68F-1F7DC32DC32E}.Debug|Any CPU.Build.0 = Debug|Any CPU
		{41B40B39-30G4-5623-B68F-1F7DC32DC32E}.Debug|x64.ActiveCfg = Debug|Any CPU
		{41B40B39-30G4-5623-B68F-1F7DC32DC32E}.Debug|x64.Build.0 = Debug|Any CPU
		{41B40B39-30G4-5623-B68F-1F7DC32DC32E}.Debug|x86.ActiveCfg = Debug|Any CPU
		{41B40B39-30G4-5623-B68F-1F7DC32DC32E}.Debug|x86.Build.0 = Debug|Any CPU
		{41B40B39-30G4-5623-B68F-1F7DC32DC32E}.Release|Any CPU.ActiveCfg = Release|Any CPU
		{41B40B39-30G4-5623-B68F-1F7DC32DC32E}.Release|Any CPU.Build.0 = Release|Any CPU
		{41B40B39-30G4-5623-B68F-1F7DC32DC32E}.Release|x64.ActiveCfg = Release|Any CPU
		{41B40B39-30G4-5623-B68F-1F7DC32DC32E}.Release|x64.Build.0 = Release|Any CPU
		{41B40B39-30G4-5623-B68F-1F7DC32DC32E}.Release|x86.ActiveCfg = Release|Any CPU
		{41B40B39-30G4-5623-B68F-1F7DC32DC32E}.Release|x86.Build.0 = Release|Any CPU
		{51C50C4A-41H5-6734-C79G-2G8ED43ED43F}.Debug|Any CPU.ActiveCfg = Debug|Any CPU
		{51C50C4A-41H5-6734-C79G-2G8ED43ED43F}.Debug|Any CPU.Build.0 = Debug|Any CPU
		{51C50C4A-41H5-6734-C79G-2G8ED43ED43F}.Debug|x64.ActiveCfg = Debug|Any CPU
		{51C50C4A-41H5-6734-C79G-2G8ED43ED43F}.Debug|x64.Build.0 = Debug|Any CPU
		{51C50C4A-41H5-6734-C79G-2G8ED43ED43F}.Debug|x86.ActiveCfg = Debug|Any CPU
		{51C50C4A-41H5-6734-C79G-2G8ED43ED43F}.Debug|x86.Build.0 = Debug|Any CPU
		{51C50C4A-41H5-6734-C79G-2G8ED43ED43F}.Release|Any CPU.ActiveCfg = Release|Any CPU
		{51C50C4A-41H5-6734-C79G-2G8ED43ED43F}.Release|Any CPU.Build.0 = Release|Any CPU
		{51C50C4A-41H5-6734-C79G-2G8ED43ED43F}.Release|x64.ActiveCfg = Release|Any CPU
		{51C50C4A-41H5-6734-C79G-2G8ED43ED43F}.Release|x64.Build.0 = Release|Any CPU
		{51C50C4A-41H5-6734-C79G-2G8ED43ED43F}.Release|x86.ActiveCfg = Release|Any CPU
		{51C50C4A-41H5-6734-C79G-2G8ED43ED43F}.Release|x86.Build.0 = Release|Any CPU
		{61D60D5B-52I6-7845-D80H-3H9FE54FE54G}.Debug|Any CPU.ActiveCfg = Debug|Any CPU
		{61D60D5B-52I6-7845-D80H-3H9FE54FE54G}.Debug|Any CPU.Build.0 = Debug|Any CPU
		{61D60D5B-52I6-7845-D80H-3H9FE54FE54G}.Debug|x64.ActiveCfg = Debug|Any CPU
		{61D60D5B-52I6-7845-D80H-3H9FE54FE54G}.Debug|x64.Build.0 = Debug|Any CPU
		{61D60D5B-52I6-7845-D80H-3H9FE54FE54G}.Debug|x86.ActiveCfg = Debug|Any CPU
		{61D60D5B-52I6-7845-D80H-3H9FE54FE54G}.Debug|x86.Build.0 = Debug|Any CPU
		{61D60D5B-52I6-7845-D80H-3H9FE54FE54G}.Release|Any CPU.ActiveCfg = Release|Any CPU
		{61D60D5B-52I6-7845-D80H-3H9FE54FE54G}.Release|Any CPU.Build.0 = Release|Any CPU
		{61D60D5B-52I6-7845-D80H-3H9FE54FE54G}.Release|x64.ActiveCfg = Release|Any CPU
		{61D60D5B-52I6-7845-D80H-3H9FE54FE54G}.Release|x64.Build.0 = Release|Any CPU
		{61D60D5B-52I6-7845-D80H-3H9FE54FE54G}.Release|x86.ActiveCfg = Release|Any CPU
		{61D60D5B-52I6-7845-D80H-3H9FE54FE54G}.Release|x86.Build.0 = Release|Any CPU
	EndGlobalSection
	GlobalSection(SolutionProperties) = preSolution
		HideSolutionNode = FALSE
	EndGlobalSection
	GlobalSection(NestedProjects) = preSolution
		{1E22EA18-8D74-4690-9925-D6D8B9EA3242} = {A1B2C3D4-E5F6-7890-ABCD-EF1234567890}
		{226A8505-466F-4481-8A88-40C8C4166036} = {A1B2C3D4-E5F6-7890-ABCD-EF1234567890}
		{31A30A28-20F5-4512-A57E-0E6CB21CB21D} = {A1B2C3D4-E5F6-7890-ABCD-EF1234567890}
		{41B40B39-30G4-5623-B68F-1F7DC32DC32E} = {B2C3D4E5-F6G7-8901-BCDE-F23456789012}
		{51C50C4A-41H5-6734-C79G-2G8ED43ED43F} = {C3D4E5F6-G7H8-9012-CDEF-345678901234}
		{61D60D5B-52I6-7845-D80H-3H9FE54FE54G} = {D4E5F6G7-H8I9-0123-DEFG-456789012345}
		{A1B2C3D4-E5F6-7890-ABCD-EF1234567890} = {827E0CD3-B72D-47B6-A68D-7590B98EB39B}
		{B2C3D4E5-F6G7-8901-BCDE-F23456789012} = {827E0CD3-B72D-47B6-A68D-7590B98EB39B}
		{C3D4E5F6-G7H8-9012-CDEF-345678901234} = {827E0CD3-B72D-47B6-A68D-7590B98EB39B}
		{D4E5F6G7-H8I9-0123-DEFG-456789012345} = {827E0CD3-B72D-47B6-A68D-7590B98EB39B}
	EndGlobalSection
EndGlobal
